
Microsoft Visual Studio Solution File, Format Version 12.00
# Visual Studio Version 17
VisualStudioVersion = 17.4.33006.217
MinimumVisualStudioVersion = 10.0.40219.1
Project("{FAE04EC0-301F-11D3-BF4B-00C04F79EFBC}") = "EDH.Server", "EDH\Server\EDH.Server.csproj", "{3071153A-9A4E-4FBC-819C-881D2FF6380D}"
EndProject
Project("{FAE04EC0-301F-11D3-BF4B-00C04F79EFBC}") = "EDH.Client", "EDH\Client\EDH.Client.csproj", "{D50EAFB6-CB25-4D9B-9E3A-FA9B86C7567E}"
EndProject
Project("{FAE04EC0-301F-11D3-BF4B-00C04F79EFBC}") = "EDH.Shared", "EDH\Shared\EDH.Shared.csproj", "{C90389BF-631C-463B-A0A1-1B9026A62E82}"
EndProject
Global
	GlobalSection(SolutionConfigurationPlatforms) = preSolution
		Debug|Any CPU = Debug|Any CPU
		Release|Any CPU = Release|Any CPU
	EndGlobalSection
	GlobalSection(ProjectConfigurationPlatforms) = postSolution
		{3071153A-9A4E-4FBC-819C-881D2FF6380D}.Debug|Any CPU.ActiveCfg = Debug|Any CPU
		{3071153A-9A4E-4FBC-819C-881D2FF6380D}.Debug|Any CPU.Build.0 = Debug|Any CPU
		{3071153A-9A4E-4FBC-819C-881D2FF6380D}.Release|Any CPU.ActiveCfg = Release|Any CPU
		{3071153A-9A4E-4FBC-819C-881D2FF6380D}.Release|Any CPU.Build.0 = Release|Any CPU
		{D50EAFB6-CB25-4D9B-9E3A-FA9B86C7567E}.Debug|Any CPU.ActiveCfg = Debug|Any CPU
		{D50EAFB6-CB25-4D9B-9E3A-FA9B86C7567E}.Debug|Any CPU.Build.0 = Debug|Any CPU
		{D50EAFB6-CB25-4D9B-9E3A-FA9B86C7567E}.Release|Any CPU.ActiveCfg = Release|Any CPU
		{D50EAFB6-CB25-4D9B-9E3A-FA9B86C7567E}.Release|Any CPU.Build.0 = Release|Any CPU
		{C90389BF-631C-463B-A0A1-1B9026A62E82}.Debug|Any CPU.ActiveCfg = Debug|Any CPU
		{C90389BF-631C-463B-A0A1-1B9026A62E82}.Debug|Any CPU.Build.0 = Debug|Any CPU
		{C90389BF-631C-463B-A0A1-1B9026A62E82}.Release|Any CPU.ActiveCfg = Release|Any CPU
		{C90389BF-631C-463B-A0A1-1B9026A62E82}.Release|Any CPU.Build.0 = Release|Any CPU
	EndGlobalSection
	GlobalSection(SolutionProperties) = preSolution
		HideSolutionNode = FALSE
	EndGlobalSection
	GlobalSection(ExtensibilityGlobals) = postSolution
		SolutionGuid = {1AFF2A04-55B1-44B5-BFAB-DA40D4AD6EFF}
	EndGlobalSection
EndGlobal
